// !$*UTF8*$!
{
	archiveVersion = 1;
	classes = {
	};
	objectVersion = 46;
	objects = {

/* Begin PBXBuildFile section */
		0FDE00511DCEC9FA00005A5F /* main.m in Sources */ = {isa = PBXBuildFile; fileRef = 0FDE00501DCEC9FA00005A5F /* main.m */; };
		0FDE00541DCEC9FA00005A5F /* AppDelegate.m in Sources */ = {isa = PBXBuildFile; fileRef = 0FDE00531DCEC9FA00005A5F /* AppDelegate.m */; };
		0FDE005C1DCEC9FA00005A5F /* Assets.xcassets in Resources */ = {isa = PBXBuildFile; fileRef = 0FDE005B1DCEC9FA00005A5F /* Assets.xcassets */; };
		0FDE005F1DCEC9FA00005A5F /* LaunchScreen.storyboard in Resources */ = {isa = PBXBuildFile; fileRef = 0FDE005D1DCEC9FA00005A5F /* LaunchScreen.storyboard */; };
		0FDE00761DCED96500005A5F /* CIBaseFlowController.m in Sources */ = {isa = PBXBuildFile; fileRef = 0FDE00751DCED96500005A5F /* CIBaseFlowController.m */; };
		0FDE00791DCED97900005A5F /* CIFeedFlowController.m in Sources */ = {isa = PBXBuildFile; fileRef = 0FDE00781DCED97900005A5F /* CIFeedFlowController.m */; };
		0FDE007C1DCEDB0200005A5F /* CIBaseViewController.m in Sources */ = {isa = PBXBuildFile; fileRef = 0FDE007B1DCEDB0200005A5F /* CIBaseViewController.m */; };
		0FDE00811DCEDB5000005A5F /* CIHomeViewController.m in Sources */ = {isa = PBXBuildFile; fileRef = 0FDE007F1DCEDB5000005A5F /* CIHomeViewController.m */; };
		0FDE00821DCEDB5000005A5F /* CIHomeViewController.xib in Resources */ = {isa = PBXBuildFile; fileRef = 0FDE00801DCEDB5000005A5F /* CIHomeViewController.xib */; };
		0FDE00861DCEDB7F00005A5F /* CIStoryViewController.m in Sources */ = {isa = PBXBuildFile; fileRef = 0FDE00841DCEDB7F00005A5F /* CIStoryViewController.m */; };
		0FDE00871DCEDB7F00005A5F /* CIStoryViewController.xib in Resources */ = {isa = PBXBuildFile; fileRef = 0FDE00851DCEDB7F00005A5F /* CIStoryViewController.xib */; };
		0FDE008B1DCEE47A00005A5F /* CIStoryItemViewController.m in Sources */ = {isa = PBXBuildFile; fileRef = 0FDE00891DCEE47A00005A5F /* CIStoryItemViewController.m */; };
		0FDE008C1DCEE47A00005A5F /* CIStoryItemViewController.xib in Resources */ = {isa = PBXBuildFile; fileRef = 0FDE008A1DCEE47A00005A5F /* CIStoryItemViewController.xib */; };
		0FDE008F1DCEE64100005A5F /* CIColors.m in Sources */ = {isa = PBXBuildFile; fileRef = 0FDE008E1DCEE64100005A5F /* CIColors.m */; };
		0FDE00961DCEE71000005A5F /* CIFonts.m in Sources */ = {isa = PBXBuildFile; fileRef = 0FDE00951DCEE71000005A5F /* CIFonts.m */; };
		0FDE00991DCEEB0500005A5F /* CIRoutesHandler.m in Sources */ = {isa = PBXBuildFile; fileRef = 0FDE00981DCEEB0500005A5F /* CIRoutesHandler.m */; };
		0FDE009C1DCEED9F00005A5F /* CIModel.m in Sources */ = {isa = PBXBuildFile; fileRef = 0FDE009B1DCEED9F00005A5F /* CIModel.m */; };
		0FDE009F1DCEEE3B00005A5F /* CIStoryModel.m in Sources */ = {isa = PBXBuildFile; fileRef = 0FDE009E1DCEEE3B00005A5F /* CIStoryModel.m */; };
		0FDE00A21DCEEE4E00005A5F /* CIStoryItemModel.m in Sources */ = {isa = PBXBuildFile; fileRef = 0FDE00A11DCEEE4E00005A5F /* CIStoryItemModel.m */; };
		0FF2999E1DCF7B6300969698 /* CIHomeCollectionViewCell.m in Sources */ = {isa = PBXBuildFile; fileRef = 0FF2999C1DCF7B6300969698 /* CIHomeCollectionViewCell.m */; };
		0FF2999F1DCF7B6300969698 /* CIHomeCollectionViewCell.xib in Resources */ = {isa = PBXBuildFile; fileRef = 0FF2999D1DCF7B6300969698 /* CIHomeCollectionViewCell.xib */; };
		0FF299A21DCF8A6F00969698 /* CIQuestionModel.m in Sources */ = {isa = PBXBuildFile; fileRef = 0FF299A11DCF8A6F00969698 /* CIQuestionModel.m */; };
		0FF299A71DCF9E3000969698 /* CIStoryAtLeftTableViewCell.m in Sources */ = {isa = PBXBuildFile; fileRef = 0FF299A51DCF9E3000969698 /* CIStoryAtLeftTableViewCell.m */; };
		0FF299A81DCF9E3000969698 /* CIStoryAtLeftTableViewCell.xib in Resources */ = {isa = PBXBuildFile; fileRef = 0FF299A61DCF9E3000969698 /* CIStoryAtLeftTableViewCell.xib */; };
		0FF299AC1DCF9E4900969698 /* CIStoryAtRightTableViewCell.m in Sources */ = {isa = PBXBuildFile; fileRef = 0FF299AA1DCF9E4900969698 /* CIStoryAtRightTableViewCell.m */; };
		0FF299AD1DCF9E4900969698 /* CIStoryAtRightTableViewCell.xib in Resources */ = {isa = PBXBuildFile; fileRef = 0FF299AB1DCF9E4900969698 /* CIStoryAtRightTableViewCell.xib */; };
		0FF299B11DCFA15700969698 /* CIStoryQuestionTableViewCell.m in Sources */ = {isa = PBXBuildFile; fileRef = 0FF299AF1DCFA15700969698 /* CIStoryQuestionTableViewCell.m */; };
		0FF299B21DCFA15700969698 /* StoryQuestionTableViewCell.xib in Resources */ = {isa = PBXBuildFile; fileRef = 0FF299B01DCFA15700969698 /* StoryQuestionTableViewCell.xib */; };
		0FF299B51DCFA57F00969698 /* CIStoryTableViewCell.m in Sources */ = {isa = PBXBuildFile; fileRef = 0FF299B41DCFA57F00969698 /* CIStoryTableViewCell.m */; };
		4BC367C3F0E7A247EA6A971A /* libPods-CheckIt.a in Frameworks */ = {isa = PBXBuildFile; fileRef = B9BB19EAFCAB44B03BFA8F05 /* libPods-CheckIt.a */; };
/* End PBXBuildFile section */

/* Begin PBXFileReference section */
		0FDE004C1DCEC9FA00005A5F /* CheckIt.app */ = {isa = PBXFileReference; explicitFileType = wrapper.application; includeInIndex = 0; path = CheckIt.app; sourceTree = BUILT_PRODUCTS_DIR; };
		0FDE00501DCEC9FA00005A5F /* main.m */ = {isa = PBXFileReference; lastKnownFileType = sourcecode.c.objc; path = main.m; sourceTree = "<group>"; };
		0FDE00521DCEC9FA00005A5F /* AppDelegate.h */ = {isa = PBXFileReference; lastKnownFileType = sourcecode.c.h; path = AppDelegate.h; sourceTree = "<group>"; };
		0FDE00531DCEC9FA00005A5F /* AppDelegate.m */ = {isa = PBXFileReference; lastKnownFileType = sourcecode.c.objc; path = AppDelegate.m; sourceTree = "<group>"; };
		0FDE005B1DCEC9FA00005A5F /* Assets.xcassets */ = {isa = PBXFileReference; lastKnownFileType = folder.assetcatalog; path = Assets.xcassets; sourceTree = "<group>"; };
		0FDE005E1DCEC9FA00005A5F /* Base */ = {isa = PBXFileReference; lastKnownFileType = file.storyboard; name = Base; path = Base.lproj/LaunchScreen.storyboard; sourceTree = "<group>"; };
		0FDE00601DCEC9FA00005A5F /* Info.plist */ = {isa = PBXFileReference; lastKnownFileType = text.plist.xml; path = Info.plist; sourceTree = "<group>"; };
		0FDE00741DCED96500005A5F /* CIBaseFlowController.h */ = {isa = PBXFileReference; fileEncoding = 4; lastKnownFileType = sourcecode.c.h; name = CIBaseFlowController.h; path = FlowControllers/CIBaseFlowController.h; sourceTree = "<group>"; };
		0FDE00751DCED96500005A5F /* CIBaseFlowController.m */ = {isa = PBXFileReference; fileEncoding = 4; lastKnownFileType = sourcecode.c.objc; name = CIBaseFlowController.m; path = FlowControllers/CIBaseFlowController.m; sourceTree = "<group>"; };
		0FDE00771DCED97900005A5F /* CIFeedFlowController.h */ = {isa = PBXFileReference; fileEncoding = 4; lastKnownFileType = sourcecode.c.h; name = CIFeedFlowController.h; path = FlowControllers/CIFeedFlowController.h; sourceTree = "<group>"; };
		0FDE00781DCED97900005A5F /* CIFeedFlowController.m */ = {isa = PBXFileReference; fileEncoding = 4; lastKnownFileType = sourcecode.c.objc; name = CIFeedFlowController.m; path = FlowControllers/CIFeedFlowController.m; sourceTree = "<group>"; };
		0FDE007A1DCEDB0200005A5F /* CIBaseViewController.h */ = {isa = PBXFileReference; fileEncoding = 4; lastKnownFileType = sourcecode.c.h; name = CIBaseViewController.h; path = ViewControllers/CIBaseViewController.h; sourceTree = "<group>"; };
		0FDE007B1DCEDB0200005A5F /* CIBaseViewController.m */ = {isa = PBXFileReference; fileEncoding = 4; lastKnownFileType = sourcecode.c.objc; name = CIBaseViewController.m; path = ViewControllers/CIBaseViewController.m; sourceTree = "<group>"; };
		0FDE007E1DCEDB5000005A5F /* CIHomeViewController.h */ = {isa = PBXFileReference; fileEncoding = 4; lastKnownFileType = sourcecode.c.h; name = CIHomeViewController.h; path = ViewControllers/Feed/CIHomeViewController.h; sourceTree = "<group>"; };
		0FDE007F1DCEDB5000005A5F /* CIHomeViewController.m */ = {isa = PBXFileReference; fileEncoding = 4; lastKnownFileType = sourcecode.c.objc; name = CIHomeViewController.m; path = ViewControllers/Feed/CIHomeViewController.m; sourceTree = "<group>"; };
		0FDE00801DCEDB5000005A5F /* CIHomeViewController.xib */ = {isa = PBXFileReference; fileEncoding = 4; lastKnownFileType = file.xib; name = CIHomeViewController.xib; path = ViewControllers/Feed/CIHomeViewController.xib; sourceTree = "<group>"; };
		0FDE00831DCEDB7F00005A5F /* CIStoryViewController.h */ = {isa = PBXFileReference; fileEncoding = 4; lastKnownFileType = sourcecode.c.h; name = CIStoryViewController.h; path = ViewControllers/Feed/CIStoryViewController.h; sourceTree = "<group>"; };
		0FDE00841DCEDB7F00005A5F /* CIStoryViewController.m */ = {isa = PBXFileReference; fileEncoding = 4; lastKnownFileType = sourcecode.c.objc; name = CIStoryViewController.m; path = ViewControllers/Feed/CIStoryViewController.m; sourceTree = "<group>"; };
		0FDE00851DCEDB7F00005A5F /* CIStoryViewController.xib */ = {isa = PBXFileReference; fileEncoding = 4; lastKnownFileType = file.xib; name = CIStoryViewController.xib; path = ViewControllers/Feed/CIStoryViewController.xib; sourceTree = "<group>"; };
		0FDE00881DCEE47A00005A5F /* CIStoryItemViewController.h */ = {isa = PBXFileReference; fileEncoding = 4; lastKnownFileType = sourcecode.c.h; name = CIStoryItemViewController.h; path = ViewControllers/Feed/CIStoryItemViewController.h; sourceTree = "<group>"; };
		0FDE00891DCEE47A00005A5F /* CIStoryItemViewController.m */ = {isa = PBXFileReference; fileEncoding = 4; lastKnownFileType = sourcecode.c.objc; name = CIStoryItemViewController.m; path = ViewControllers/Feed/CIStoryItemViewController.m; sourceTree = "<group>"; };
		0FDE008A1DCEE47A00005A5F /* CIStoryItemViewController.xib */ = {isa = PBXFileReference; fileEncoding = 4; lastKnownFileType = file.xib; name = CIStoryItemViewController.xib; path = ViewControllers/Feed/CIStoryItemViewController.xib; sourceTree = "<group>"; };
		0FDE008D1DCEE64100005A5F /* CIColors.h */ = {isa = PBXFileReference; fileEncoding = 4; lastKnownFileType = sourcecode.c.h; name = CIColors.h; path = AppStyles/CIColors.h; sourceTree = "<group>"; };
		0FDE008E1DCEE64100005A5F /* CIColors.m */ = {isa = PBXFileReference; fileEncoding = 4; lastKnownFileType = sourcecode.c.objc; name = CIColors.m; path = AppStyles/CIColors.m; sourceTree = "<group>"; };
		0FDE00941DCEE71000005A5F /* CIFonts.h */ = {isa = PBXFileReference; fileEncoding = 4; lastKnownFileType = sourcecode.c.h; name = CIFonts.h; path = AppStyles/CIFonts.h; sourceTree = "<group>"; };
		0FDE00951DCEE71000005A5F /* CIFonts.m */ = {isa = PBXFileReference; fileEncoding = 4; lastKnownFileType = sourcecode.c.objc; name = CIFonts.m; path = AppStyles/CIFonts.m; sourceTree = "<group>"; };
		0FDE00971DCEEB0500005A5F /* CIRoutesHandler.h */ = {isa = PBXFileReference; fileEncoding = 4; lastKnownFileType = sourcecode.c.h; name = CIRoutesHandler.h; path = Routing/CIRoutesHandler.h; sourceTree = "<group>"; };
		0FDE00981DCEEB0500005A5F /* CIRoutesHandler.m */ = {isa = PBXFileReference; fileEncoding = 4; lastKnownFileType = sourcecode.c.objc; name = CIRoutesHandler.m; path = Routing/CIRoutesHandler.m; sourceTree = "<group>"; };
		0FDE009A1DCEED9F00005A5F /* CIModel.h */ = {isa = PBXFileReference; fileEncoding = 4; lastKnownFileType = sourcecode.c.h; name = CIModel.h; path = Models/CIModel.h; sourceTree = "<group>"; };
		0FDE009B1DCEED9F00005A5F /* CIModel.m */ = {isa = PBXFileReference; fileEncoding = 4; lastKnownFileType = sourcecode.c.objc; name = CIModel.m; path = Models/CIModel.m; sourceTree = "<group>"; };
		0FDE009D1DCEEE3B00005A5F /* CIStoryModel.h */ = {isa = PBXFileReference; fileEncoding = 4; lastKnownFileType = sourcecode.c.h; name = CIStoryModel.h; path = Models/CIStoryModel.h; sourceTree = "<group>"; };
		0FDE009E1DCEEE3B00005A5F /* CIStoryModel.m */ = {isa = PBXFileReference; fileEncoding = 4; lastKnownFileType = sourcecode.c.objc; name = CIStoryModel.m; path = Models/CIStoryModel.m; sourceTree = "<group>"; };
		0FDE00A01DCEEE4E00005A5F /* CIStoryItemModel.h */ = {isa = PBXFileReference; fileEncoding = 4; lastKnownFileType = sourcecode.c.h; name = CIStoryItemModel.h; path = Models/CIStoryItemModel.h; sourceTree = "<group>"; };
		0FDE00A11DCEEE4E00005A5F /* CIStoryItemModel.m */ = {isa = PBXFileReference; fileEncoding = 4; lastKnownFileType = sourcecode.c.objc; name = CIStoryItemModel.m; path = Models/CIStoryItemModel.m; sourceTree = "<group>"; };
		0FF2999B1DCF7B6300969698 /* CIHomeCollectionViewCell.h */ = {isa = PBXFileReference; fileEncoding = 4; lastKnownFileType = sourcecode.c.h; name = CIHomeCollectionViewCell.h; path = Views/CollectionViewCells/CIHomeCollectionViewCell.h; sourceTree = "<group>"; };
		0FF2999C1DCF7B6300969698 /* CIHomeCollectionViewCell.m */ = {isa = PBXFileReference; fileEncoding = 4; lastKnownFileType = sourcecode.c.objc; name = CIHomeCollectionViewCell.m; path = Views/CollectionViewCells/CIHomeCollectionViewCell.m; sourceTree = "<group>"; };
		0FF2999D1DCF7B6300969698 /* CIHomeCollectionViewCell.xib */ = {isa = PBXFileReference; fileEncoding = 4; lastKnownFileType = file.xib; name = CIHomeCollectionViewCell.xib; path = Views/CollectionViewCells/CIHomeCollectionViewCell.xib; sourceTree = "<group>"; };
		0FF299A01DCF8A6F00969698 /* CIQuestionModel.h */ = {isa = PBXFileReference; fileEncoding = 4; lastKnownFileType = sourcecode.c.h; name = CIQuestionModel.h; path = Models/CIQuestionModel.h; sourceTree = "<group>"; };
		0FF299A11DCF8A6F00969698 /* CIQuestionModel.m */ = {isa = PBXFileReference; fileEncoding = 4; lastKnownFileType = sourcecode.c.objc; name = CIQuestionModel.m; path = Models/CIQuestionModel.m; sourceTree = "<group>"; };
		0FF299A41DCF9E3000969698 /* CIStoryAtLeftTableViewCell.h */ = {isa = PBXFileReference; fileEncoding = 4; lastKnownFileType = sourcecode.c.h; name = CIStoryAtLeftTableViewCell.h; path = Views/TableViewCells/CIStoryAtLeftTableViewCell.h; sourceTree = "<group>"; };
		0FF299A51DCF9E3000969698 /* CIStoryAtLeftTableViewCell.m */ = {isa = PBXFileReference; fileEncoding = 4; lastKnownFileType = sourcecode.c.objc; name = CIStoryAtLeftTableViewCell.m; path = Views/TableViewCells/CIStoryAtLeftTableViewCell.m; sourceTree = "<group>"; };
		0FF299A61DCF9E3000969698 /* CIStoryAtLeftTableViewCell.xib */ = {isa = PBXFileReference; fileEncoding = 4; lastKnownFileType = file.xib; name = CIStoryAtLeftTableViewCell.xib; path = Views/TableViewCells/CIStoryAtLeftTableViewCell.xib; sourceTree = "<group>"; };
		0FF299A91DCF9E4900969698 /* CIStoryAtRightTableViewCell.h */ = {isa = PBXFileReference; fileEncoding = 4; lastKnownFileType = sourcecode.c.h; name = CIStoryAtRightTableViewCell.h; path = Views/TableViewCells/CIStoryAtRightTableViewCell.h; sourceTree = "<group>"; };
		0FF299AA1DCF9E4900969698 /* CIStoryAtRightTableViewCell.m */ = {isa = PBXFileReference; fileEncoding = 4; lastKnownFileType = sourcecode.c.objc; name = CIStoryAtRightTableViewCell.m; path = Views/TableViewCells/CIStoryAtRightTableViewCell.m; sourceTree = "<group>"; };
		0FF299AB1DCF9E4900969698 /* CIStoryAtRightTableViewCell.xib */ = {isa = PBXFileReference; fileEncoding = 4; lastKnownFileType = file.xib; name = CIStoryAtRightTableViewCell.xib; path = Views/TableViewCells/CIStoryAtRightTableViewCell.xib; sourceTree = "<group>"; };
		0FF299AE1DCFA15700969698 /* CIStoryQuestionTableViewCell.h */ = {isa = PBXFileReference; fileEncoding = 4; lastKnownFileType = sourcecode.c.h; name = CIStoryQuestionTableViewCell.h; path = Views/TableViewCells/CIStoryQuestionTableViewCell.h; sourceTree = "<group>"; };
		0FF299AF1DCFA15700969698 /* CIStoryQuestionTableViewCell.m */ = {isa = PBXFileReference; fileEncoding = 4; lastKnownFileType = sourcecode.c.objc; name = CIStoryQuestionTableViewCell.m; path = Views/TableViewCells/CIStoryQuestionTableViewCell.m; sourceTree = "<group>"; };
		0FF299B01DCFA15700969698 /* StoryQuestionTableViewCell.xib */ = {isa = PBXFileReference; fileEncoding = 4; lastKnownFileType = file.xib; name = StoryQuestionTableViewCell.xib; path = Views/TableViewCells/StoryQuestionTableViewCell.xib; sourceTree = "<group>"; };
		0FF299B31DCFA57F00969698 /* CIStoryTableViewCell.h */ = {isa = PBXFileReference; fileEncoding = 4; lastKnownFileType = sourcecode.c.h; name = CIStoryTableViewCell.h; path = Views/TableViewCells/CIStoryTableViewCell.h; sourceTree = "<group>"; };
		0FF299B41DCFA57F00969698 /* CIStoryTableViewCell.m */ = {isa = PBXFileReference; fileEncoding = 4; lastKnownFileType = sourcecode.c.objc; name = CIStoryTableViewCell.m; path = Views/TableViewCells/CIStoryTableViewCell.m; sourceTree = "<group>"; };
		6D254E0FAF679C22485413C3 /* Pods-CheckIt.debug.xcconfig */ = {isa = PBXFileReference; includeInIndex = 1; lastKnownFileType = text.xcconfig; name = "Pods-CheckIt.debug.xcconfig"; path = "Pods/Target Support Files/Pods-CheckIt/Pods-CheckIt.debug.xcconfig"; sourceTree = "<group>"; };
		9F2D82AFFD2478DDFCFE5A75 /* Pods-CheckIt.release.xcconfig */ = {isa = PBXFileReference; includeInIndex = 1; lastKnownFileType = text.xcconfig; name = "Pods-CheckIt.release.xcconfig"; path = "Pods/Target Support Files/Pods-CheckIt/Pods-CheckIt.release.xcconfig"; sourceTree = "<group>"; };
		B9BB19EAFCAB44B03BFA8F05 /* libPods-CheckIt.a */ = {isa = PBXFileReference; explicitFileType = archive.ar; includeInIndex = 0; path = "libPods-CheckIt.a"; sourceTree = BUILT_PRODUCTS_DIR; };
/* End PBXFileReference section */

/* Begin PBXFrameworksBuildPhase section */
		0FDE00491DCEC9FA00005A5F /* Frameworks */ = {
			isa = PBXFrameworksBuildPhase;
			buildActionMask = 2147483647;
			files = (
				4BC367C3F0E7A247EA6A971A /* libPods-CheckIt.a in Frameworks */,
			);
			runOnlyForDeploymentPostprocessing = 0;
		};
/* End PBXFrameworksBuildPhase section */

/* Begin PBXGroup section */
		06C03DBA0B4615081D5A6870 /* Pods */ = {
			isa = PBXGroup;
			children = (
				6D254E0FAF679C22485413C3 /* Pods-CheckIt.debug.xcconfig */,
				9F2D82AFFD2478DDFCFE5A75 /* Pods-CheckIt.release.xcconfig */,
			);
			name = Pods;
			sourceTree = "<group>";
		};
		0FDE00431DCEC9FA00005A5F = {
			isa = PBXGroup;
			children = (
				0FDE004E1DCEC9FA00005A5F /* CheckIt */,
				0FDE004D1DCEC9FA00005A5F /* Products */,
				06C03DBA0B4615081D5A6870 /* Pods */,
				85CE7DD9CA021210615E885B /* Frameworks */,
			);
			sourceTree = "<group>";
		};
		0FDE004D1DCEC9FA00005A5F /* Products */ = {
			isa = PBXGroup;
			children = (
				0FDE004C1DCEC9FA00005A5F /* CheckIt.app */,
			);
			name = Products;
			sourceTree = "<group>";
		};
		0FDE004E1DCEC9FA00005A5F /* CheckIt */ = {
			isa = PBXGroup;
			children = (
				0FDE006E1DCED8A700005A5F /* AppStyles */,
				0FDE00701DCED8B100005A5F /* API */,
				0FDE006F1DCED8AA00005A5F /* Categories */,
				0FDE006D1DCED89C00005A5F /* ErrorHandling */,
				0FDE006C1DCED89500005A5F /* FlowControllers */,
				0FDE006B1DCED89100005A5F /* Helpers */,
				0FDE006A1DCED88A00005A5F /* Models */,
				0FDE00691DCED88500005A5F /* Resources */,
				0FDE00681DCED87D00005A5F /* Routing */,
				0FDE00671DCED87500005A5F /* ViewControllers */,
				0FDE00661DCED87000005A5F /* Views */,
				0FDE00521DCEC9FA00005A5F /* AppDelegate.h */,
				0FDE00531DCEC9FA00005A5F /* AppDelegate.m */,
				0FDE005B1DCEC9FA00005A5F /* Assets.xcassets */,
				0FDE005D1DCEC9FA00005A5F /* LaunchScreen.storyboard */,
				0FDE00601DCEC9FA00005A5F /* Info.plist */,
				0FDE004F1DCEC9FA00005A5F /* Supporting Files */,
			);
			path = CheckIt;
			sourceTree = "<group>";
		};
		0FDE004F1DCEC9FA00005A5F /* Supporting Files */ = {
			isa = PBXGroup;
			children = (
				0FDE00501DCEC9FA00005A5F /* main.m */,
			);
			name = "Supporting Files";
			sourceTree = "<group>";
		};
		0FDE00661DCED87000005A5F /* Views */ = {
			isa = PBXGroup;
			children = (
				0FF299A31DCF9DF700969698 /* TableViewCells */,
				0FF2999A1DCF7B3600969698 /* CollectionViewCells */,
			);
			name = Views;
			sourceTree = "<group>";
		};
		0FDE00671DCED87500005A5F /* ViewControllers */ = {
			isa = PBXGroup;
			children = (
				0FDE007D1DCEDB2100005A5F /* Feed */,
				0FDE007A1DCEDB0200005A5F /* CIBaseViewController.h */,
				0FDE007B1DCEDB0200005A5F /* CIBaseViewController.m */,
			);
			name = ViewControllers;
			sourceTree = "<group>";
		};
		0FDE00681DCED87D00005A5F /* Routing */ = {
			isa = PBXGroup;
			children = (
				0FDE00971DCEEB0500005A5F /* CIRoutesHandler.h */,
				0FDE00981DCEEB0500005A5F /* CIRoutesHandler.m */,
			);
			name = Routing;
			sourceTree = "<group>";
		};
		0FDE00691DCED88500005A5F /* Resources */ = {
			isa = PBXGroup;
			children = (
			);
			name = Resources;
			sourceTree = "<group>";
		};
		0FDE006A1DCED88A00005A5F /* Models */ = {
			isa = PBXGroup;
			children = (
				0FDE009A1DCEED9F00005A5F /* CIModel.h */,
				0FDE009B1DCEED9F00005A5F /* CIModel.m */,
				0FDE009D1DCEEE3B00005A5F /* CIStoryModel.h */,
				0FDE009E1DCEEE3B00005A5F /* CIStoryModel.m */,
				0FDE00A01DCEEE4E00005A5F /* CIStoryItemModel.h */,
				0FDE00A11DCEEE4E00005A5F /* CIStoryItemModel.m */,
				0FF299A01DCF8A6F00969698 /* CIQuestionModel.h */,
				0FF299A11DCF8A6F00969698 /* CIQuestionModel.m */,
			);
			name = Models;
			sourceTree = "<group>";
		};
		0FDE006B1DCED89100005A5F /* Helpers */ = {
			isa = PBXGroup;
			children = (
			);
			name = Helpers;
			sourceTree = "<group>";
		};
		0FDE006C1DCED89500005A5F /* FlowControllers */ = {
			isa = PBXGroup;
			children = (
				0FDE00741DCED96500005A5F /* CIBaseFlowController.h */,
				0FDE00751DCED96500005A5F /* CIBaseFlowController.m */,
				0FDE00771DCED97900005A5F /* CIFeedFlowController.h */,
				0FDE00781DCED97900005A5F /* CIFeedFlowController.m */,
			);
			name = FlowControllers;
			sourceTree = "<group>";
		};
		0FDE006D1DCED89C00005A5F /* ErrorHandling */ = {
			isa = PBXGroup;
			children = (
			);
			name = ErrorHandling;
			sourceTree = "<group>";
		};
		0FDE006E1DCED8A700005A5F /* AppStyles */ = {
			isa = PBXGroup;
			children = (
				0FDE008D1DCEE64100005A5F /* CIColors.h */,
				0FDE008E1DCEE64100005A5F /* CIColors.m */,
				0FDE00941DCEE71000005A5F /* CIFonts.h */,
				0FDE00951DCEE71000005A5F /* CIFonts.m */,
			);
			name = AppStyles;
			sourceTree = "<group>";
		};
		0FDE006F1DCED8AA00005A5F /* Categories */ = {
			isa = PBXGroup;
			children = (
			);
			name = Categories;
			sourceTree = "<group>";
		};
		0FDE00701DCED8B100005A5F /* API */ = {
			isa = PBXGroup;
			children = (
			);
			name = API;
			sourceTree = "<group>";
		};
		0FDE007D1DCEDB2100005A5F /* Feed */ = {
			isa = PBXGroup;
			children = (
				0FDE007E1DCEDB5000005A5F /* CIHomeViewController.h */,
				0FDE007F1DCEDB5000005A5F /* CIHomeViewController.m */,
				0FDE00801DCEDB5000005A5F /* CIHomeViewController.xib */,
				0FDE00831DCEDB7F00005A5F /* CIStoryViewController.h */,
				0FDE00841DCEDB7F00005A5F /* CIStoryViewController.m */,
				0FDE00851DCEDB7F00005A5F /* CIStoryViewController.xib */,
				0FDE00881DCEE47A00005A5F /* CIStoryItemViewController.h */,
				0FDE00891DCEE47A00005A5F /* CIStoryItemViewController.m */,
				0FDE008A1DCEE47A00005A5F /* CIStoryItemViewController.xib */,
			);
			name = Feed;
			sourceTree = "<group>";
		};
		0FF2999A1DCF7B3600969698 /* CollectionViewCells */ = {
			isa = PBXGroup;
			children = (
				0FF2999B1DCF7B6300969698 /* CIHomeCollectionViewCell.h */,
				0FF2999C1DCF7B6300969698 /* CIHomeCollectionViewCell.m */,
				0FF2999D1DCF7B6300969698 /* CIHomeCollectionViewCell.xib */,
			);
			name = CollectionViewCells;
			sourceTree = "<group>";
		};
		0FF299A31DCF9DF700969698 /* TableViewCells */ = {
			isa = PBXGroup;
			children = (
				0FF299B31DCFA57F00969698 /* CIStoryTableViewCell.h */,
				0FF299B41DCFA57F00969698 /* CIStoryTableViewCell.m */,
				0FF299A41DCF9E3000969698 /* CIStoryAtLeftTableViewCell.h */,
				0FF299A51DCF9E3000969698 /* CIStoryAtLeftTableViewCell.m */,
				0FF299A61DCF9E3000969698 /* CIStoryAtLeftTableViewCell.xib */,
				0FF299A91DCF9E4900969698 /* CIStoryAtRightTableViewCell.h */,
				0FF299AA1DCF9E4900969698 /* CIStoryAtRightTableViewCell.m */,
				0FF299AB1DCF9E4900969698 /* CIStoryAtRightTableViewCell.xib */,
				0FF299AE1DCFA15700969698 /* CIStoryQuestionTableViewCell.h */,
				0FF299AF1DCFA15700969698 /* CIStoryQuestionTableViewCell.m */,
				0FF299B01DCFA15700969698 /* StoryQuestionTableViewCell.xib */,
			);
			name = TableViewCells;
			sourceTree = "<group>";
		};
		85CE7DD9CA021210615E885B /* Frameworks */ = {
			isa = PBXGroup;
			children = (
				B9BB19EAFCAB44B03BFA8F05 /* libPods-CheckIt.a */,
			);
			name = Frameworks;
			sourceTree = "<group>";
		};
/* End PBXGroup section */

/* Begin PBXNativeTarget section */
		0FDE004B1DCEC9FA00005A5F /* CheckIt */ = {
			isa = PBXNativeTarget;
			buildConfigurationList = 0FDE00631DCEC9FA00005A5F /* Build configuration list for PBXNativeTarget "CheckIt" */;
			buildPhases = (
				4C4F748D29F7836C50CA135D /* [CP] Check Pods Manifest.lock */,
				0FDE00481DCEC9FA00005A5F /* Sources */,
				0FDE00491DCEC9FA00005A5F /* Frameworks */,
				0FDE004A1DCEC9FA00005A5F /* Resources */,
				CD1F09131868FD747E236848 /* [CP] Embed Pods Frameworks */,
				D05560FFC13C0CBC110347A7 /* [CP] Copy Pods Resources */,
			);
			buildRules = (
			);
			dependencies = (
			);
			name = CheckIt;
			productName = CheckIt;
			productReference = 0FDE004C1DCEC9FA00005A5F /* CheckIt.app */;
			productType = "com.apple.product-type.application";
		};
/* End PBXNativeTarget section */

/* Begin PBXProject section */
		0FDE00441DCEC9FA00005A5F /* Project object */ = {
			isa = PBXProject;
			attributes = {
				LastUpgradeCheck = 0800;
				ORGANIZATIONNAME = Indigitous;
				TargetAttributes = {
					0FDE004B1DCEC9FA00005A5F = {
						CreatedOnToolsVersion = 8.0;
						DevelopmentTeam = DQ48D9BF2V;
						ProvisioningStyle = Automatic;
					};
				};
			};
			buildConfigurationList = 0FDE00471DCEC9FA00005A5F /* Build configuration list for PBXProject "CheckIt" */;
			compatibilityVersion = "Xcode 3.2";
			developmentRegion = English;
			hasScannedForEncodings = 0;
			knownRegions = (
				en,
				Base,
			);
			mainGroup = 0FDE00431DCEC9FA00005A5F;
			productRefGroup = 0FDE004D1DCEC9FA00005A5F /* Products */;
			projectDirPath = "";
			projectRoot = "";
			targets = (
				0FDE004B1DCEC9FA00005A5F /* CheckIt */,
			);
		};
/* End PBXProject section */

/* Begin PBXResourcesBuildPhase section */
		0FDE004A1DCEC9FA00005A5F /* Resources */ = {
			isa = PBXResourcesBuildPhase;
			buildActionMask = 2147483647;
			files = (
				0FDE005F1DCEC9FA00005A5F /* LaunchScreen.storyboard in Resources */,
				0FDE00821DCEDB5000005A5F /* CIHomeViewController.xib in Resources */,
				0FDE00871DCEDB7F00005A5F /* CIStoryViewController.xib in Resources */,
				0FF299AD1DCF9E4900969698 /* CIStoryAtRightTableViewCell.xib in Resources */,
				0FF2999F1DCF7B6300969698 /* CIHomeCollectionViewCell.xib in Resources */,
				0FDE008C1DCEE47A00005A5F /* CIStoryItemViewController.xib in Resources */,
				0FDE005C1DCEC9FA00005A5F /* Assets.xcassets in Resources */,
				0FF299A81DCF9E3000969698 /* CIStoryAtLeftTableViewCell.xib in Resources */,
				0FF299B21DCFA15700969698 /* StoryQuestionTableViewCell.xib in Resources */,
			);
			runOnlyForDeploymentPostprocessing = 0;
		};
/* End PBXResourcesBuildPhase section */

/* Begin PBXShellScriptBuildPhase section */
		4C4F748D29F7836C50CA135D /* [CP] Check Pods Manifest.lock */ = {
			isa = PBXShellScriptBuildPhase;
			buildActionMask = 2147483647;
			files = (
			);
			inputPaths = (
			);
			name = "[CP] Check Pods Manifest.lock";
			outputPaths = (
			);
			runOnlyForDeploymentPostprocessing = 0;
			shellPath = /bin/sh;
			shellScript = "diff \"${PODS_ROOT}/../Podfile.lock\" \"${PODS_ROOT}/Manifest.lock\" > /dev/null\nif [[ $? != 0 ]] ; then\n    cat << EOM\nerror: The sandbox is not in sync with the Podfile.lock. Run 'pod install' or update your CocoaPods installation.\nEOM\n    exit 1\nfi\n";
			showEnvVarsInLog = 0;
		};
		CD1F09131868FD747E236848 /* [CP] Embed Pods Frameworks */ = {
			isa = PBXShellScriptBuildPhase;
			buildActionMask = 2147483647;
			files = (
			);
			inputPaths = (
			);
			name = "[CP] Embed Pods Frameworks";
			outputPaths = (
			);
			runOnlyForDeploymentPostprocessing = 0;
			shellPath = /bin/sh;
			shellScript = "\"${SRCROOT}/Pods/Target Support Files/Pods-CheckIt/Pods-CheckIt-frameworks.sh\"\n";
			showEnvVarsInLog = 0;
		};
		D05560FFC13C0CBC110347A7 /* [CP] Copy Pods Resources */ = {
			isa = PBXShellScriptBuildPhase;
			buildActionMask = 2147483647;
			files = (
			);
			inputPaths = (
			);
			name = "[CP] Copy Pods Resources";
			outputPaths = (
			);
			runOnlyForDeploymentPostprocessing = 0;
			shellPath = /bin/sh;
			shellScript = "\"${SRCROOT}/Pods/Target Support Files/Pods-CheckIt/Pods-CheckIt-resources.sh\"\n";
			showEnvVarsInLog = 0;
		};
/* End PBXShellScriptBuildPhase section */

/* Begin PBXSourcesBuildPhase section */
		0FDE00481DCEC9FA00005A5F /* Sources */ = {
			isa = PBXSourcesBuildPhase;
			buildActionMask = 2147483647;
			files = (
				0FDE00991DCEEB0500005A5F /* CIRoutesHandler.m in Sources */,
				0FF299AC1DCF9E4900969698 /* CIStoryAtRightTableViewCell.m in Sources */,
				0FDE00761DCED96500005A5F /* CIBaseFlowController.m in Sources */,
				0FDE008B1DCEE47A00005A5F /* CIStoryItemViewController.m in Sources */,
				0FF299B11DCFA15700969698 /* CIStoryQuestionTableViewCell.m in Sources */,
				0FF299A71DCF9E3000969698 /* CIStoryAtLeftTableViewCell.m in Sources */,
				0FDE00811DCEDB5000005A5F /* CIHomeViewController.m in Sources */,
				0FDE00791DCED97900005A5F /* CIFeedFlowController.m in Sources */,
				0FDE009C1DCEED9F00005A5F /* CIModel.m in Sources */,
				0FDE00541DCEC9FA00005A5F /* AppDelegate.m in Sources */,
				0FDE00861DCEDB7F00005A5F /* CIStoryViewController.m in Sources */,
				0FDE00A21DCEEE4E00005A5F /* CIStoryItemModel.m in Sources */,
				0FDE00511DCEC9FA00005A5F /* main.m in Sources */,
				0FF2999E1DCF7B6300969698 /* CIHomeCollectionViewCell.m in Sources */,
				0FF299A21DCF8A6F00969698 /* CIQuestionModel.m in Sources */,
				0FDE007C1DCEDB0200005A5F /* CIBaseViewController.m in Sources */,
				0FDE00961DCEE71000005A5F /* CIFonts.m in Sources */,
				0FF299B51DCFA57F00969698 /* CIStoryTableViewCell.m in Sources */,
				0FDE009F1DCEEE3B00005A5F /* CIStoryModel.m in Sources */,
				0FDE008F1DCEE64100005A5F /* CIColors.m in Sources */,
			);
			runOnlyForDeploymentPostprocessing = 0;
		};
/* End PBXSourcesBuildPhase section */

/* Begin PBXVariantGroup section */
		0FDE005D1DCEC9FA00005A5F /* LaunchScreen.storyboard */ = {
			isa = PBXVariantGroup;
			children = (
				0FDE005E1DCEC9FA00005A5F /* Base */,
			);
			name = LaunchScreen.storyboard;
			sourceTree = "<group>";
		};
/* End PBXVariantGroup section */

/* Begin XCBuildConfiguration section */
		0FDE00611DCEC9FA00005A5F /* Debug */ = {
			isa = XCBuildConfiguration;
			buildSettings = {
				ALWAYS_SEARCH_USER_PATHS = NO;
				CLANG_ANALYZER_NONNULL = YES;
				CLANG_CXX_LANGUAGE_STANDARD = "gnu++0x";
				CLANG_CXX_LIBRARY = "libc++";
				CLANG_ENABLE_MODULES = YES;
				CLANG_ENABLE_OBJC_ARC = YES;
				CLANG_WARN_BOOL_CONVERSION = YES;
				CLANG_WARN_CONSTANT_CONVERSION = YES;
				CLANG_WARN_DIRECT_OBJC_ISA_USAGE = YES_ERROR;
				CLANG_WARN_DOCUMENTATION_COMMENTS = YES;
				CLANG_WARN_EMPTY_BODY = YES;
				CLANG_WARN_ENUM_CONVERSION = YES;
				CLANG_WARN_INFINITE_RECURSION = YES;
				CLANG_WARN_INT_CONVERSION = YES;
				CLANG_WARN_OBJC_ROOT_CLASS = YES_ERROR;
				CLANG_WARN_SUSPICIOUS_MOVES = YES;
				CLANG_WARN_UNREACHABLE_CODE = YES;
				CLANG_WARN__DUPLICATE_METHOD_MATCH = YES;
				"CODE_SIGN_IDENTITY[sdk=iphoneos*]" = "iPhone Developer";
				COPY_PHASE_STRIP = NO;
				DEBUG_INFORMATION_FORMAT = dwarf;
				ENABLE_STRICT_OBJC_MSGSEND = YES;
				ENABLE_TESTABILITY = YES;
				GCC_C_LANGUAGE_STANDARD = gnu99;
				GCC_DYNAMIC_NO_PIC = NO;
				GCC_NO_COMMON_BLOCKS = YES;
				GCC_OPTIMIZATION_LEVEL = 0;
				GCC_PREPROCESSOR_DEFINITIONS = (
					"DEBUG=1",
					"$(inherited)",
				);
				GCC_WARN_64_TO_32_BIT_CONVERSION = YES;
				GCC_WARN_ABOUT_RETURN_TYPE = YES_ERROR;
				GCC_WARN_UNDECLARED_SELECTOR = YES;
				GCC_WARN_UNINITIALIZED_AUTOS = YES_AGGRESSIVE;
				GCC_WARN_UNUSED_FUNCTION = YES;
				GCC_WARN_UNUSED_VARIABLE = YES;
				IPHONEOS_DEPLOYMENT_TARGET = 10.0;
				MTL_ENABLE_DEBUG_INFO = YES;
				ONLY_ACTIVE_ARCH = YES;
				SDKROOT = iphoneos;
				TARGETED_DEVICE_FAMILY = "1,2";
			};
			name = Debug;
		};
		0FDE00621DCEC9FA00005A5F /* Release */ = {
			isa = XCBuildConfiguration;
			buildSettings = {
				ALWAYS_SEARCH_USER_PATHS = NO;
				CLANG_ANALYZER_NONNULL = YES;
				CLANG_CXX_LANGUAGE_STANDARD = "gnu++0x";
				CLANG_CXX_LIBRARY = "libc++";
				CLANG_ENABLE_MODULES = YES;
				CLANG_ENABLE_OBJC_ARC = YES;
				CLANG_WARN_BOOL_CONVERSION = YES;
				CLANG_WARN_CONSTANT_CONVERSION = YES;
				CLANG_WARN_DIRECT_OBJC_ISA_USAGE = YES_ERROR;
				CLANG_WARN_DOCUMENTATION_COMMENTS = YES;
				CLANG_WARN_EMPTY_BODY = YES;
				CLANG_WARN_ENUM_CONVERSION = YES;
				CLANG_WARN_INFINITE_RECURSION = YES;
				CLANG_WARN_INT_CONVERSION = YES;
				CLANG_WARN_OBJC_ROOT_CLASS = YES_ERROR;
				CLANG_WARN_SUSPICIOUS_MOVES = YES;
				CLANG_WARN_UNREACHABLE_CODE = YES;
				CLANG_WARN__DUPLICATE_METHOD_MATCH = YES;
				"CODE_SIGN_IDENTITY[sdk=iphoneos*]" = "iPhone Developer";
				COPY_PHASE_STRIP = NO;
				DEBUG_INFORMATION_FORMAT = "dwarf-with-dsym";
				ENABLE_NS_ASSERTIONS = NO;
				ENABLE_STRICT_OBJC_MSGSEND = YES;
				GCC_C_LANGUAGE_STANDARD = gnu99;
				GCC_NO_COMMON_BLOCKS = YES;
				GCC_WARN_64_TO_32_BIT_CONVERSION = YES;
				GCC_WARN_ABOUT_RETURN_TYPE = YES_ERROR;
				GCC_WARN_UNDECLARED_SELECTOR = YES;
				GCC_WARN_UNINITIALIZED_AUTOS = YES_AGGRESSIVE;
				GCC_WARN_UNUSED_FUNCTION = YES;
				GCC_WARN_UNUSED_VARIABLE = YES;
				IPHONEOS_DEPLOYMENT_TARGET = 10.0;
				MTL_ENABLE_DEBUG_INFO = NO;
				SDKROOT = iphoneos;
				TARGETED_DEVICE_FAMILY = "1,2";
				VALIDATE_PRODUCT = YES;
			};
			name = Release;
		};
		0FDE00641DCEC9FA00005A5F /* Debug */ = {
			isa = XCBuildConfiguration;
			baseConfigurationReference = 6D254E0FAF679C22485413C3 /* Pods-CheckIt.debug.xcconfig */;
			buildSettings = {
				ASSETCATALOG_COMPILER_APPICON_NAME = AppIcon;
				DEVELOPMENT_TEAM = DQ48D9BF2V;
				INFOPLIST_FILE = CheckIt/Info.plist;
				LD_RUNPATH_SEARCH_PATHS = "$(inherited) @executable_path/Frameworks";
				PRODUCT_BUNDLE_IDENTIFIER = org.indigitous.CheckIt;
				PRODUCT_NAME = "$(TARGET_NAME)";
			};
			name = Debug;
		};
		0FDE00651DCEC9FA00005A5F /* Release */ = {
			isa = XCBuildConfiguration;
			baseConfigurationReference = 9F2D82AFFD2478DDFCFE5A75 /* Pods-CheckIt.release.xcconfig */;
			buildSettings = {
				ASSETCATALOG_COMPILER_APPICON_NAME = AppIcon;
				DEVELOPMENT_TEAM = DQ48D9BF2V;
				INFOPLIST_FILE = CheckIt/Info.plist;
				LD_RUNPATH_SEARCH_PATHS = "$(inherited) @executable_path/Frameworks";
				PRODUCT_BUNDLE_IDENTIFIER = org.indigitous.CheckIt;
				PRODUCT_NAME = "$(TARGET_NAME)";
			};
			name = Release;
		};
/* End XCBuildConfiguration section */

/* Begin XCConfigurationList section */
		0FDE00471DCEC9FA00005A5F /* Build configuration list for PBXProject "CheckIt" */ = {
			isa = XCConfigurationList;
			buildConfigurations = (
				0FDE00611DCEC9FA00005A5F /* Debug */,
				0FDE00621DCEC9FA00005A5F /* Release */,
			);
			defaultConfigurationIsVisible = 0;
			defaultConfigurationName = Release;
		};
		0FDE00631DCEC9FA00005A5F /* Build configuration list for PBXNativeTarget "CheckIt" */ = {
			isa = XCConfigurationList;
			buildConfigurations = (
				0FDE00641DCEC9FA00005A5F /* Debug */,
				0FDE00651DCEC9FA00005A5F /* Release */,
			);
			defaultConfigurationIsVisible = 0;
			defaultConfigurationName = Release;
		};
/* End XCConfigurationList section */
	};
	rootObject = 0FDE00441DCEC9FA00005A5F /* Project object */;
}
